
Microsoft Visual Studio Solution File, Format Version 12.00
# Visual Studio Version 17
VisualStudioVersion = 17.9.34622.214
MinimumVisualStudioVersion = 10.0.40219.1
Project("{FAE04EC0-301F-11D3-BF4B-00C04F79EFBC}") = "LoadBalancer", "LoadBalancer\LoadBalancer.csproj", "{417B205A-58C4-4CAB-9CEA-C4266D38B11C}"
EndProject
Project("{FAE04EC0-301F-11D3-BF4B-00C04F79EFBC}") = "UnitTests", "UnitTests\UnitTests.csproj", "{7C8B7F8D-A981-4F97-B66B-6966B60CA518}"
EndProject
Global
	GlobalSection(SolutionConfigurationPlatforms) = preSolution
		Debug|Any CPU = Debug|Any CPU
		Release|Any CPU = Release|Any CPU
	EndGlobalSection
	GlobalSection(ProjectConfigurationPlatforms) = postSolution
		{417B205A-58C4-4CAB-9CEA-C4266D38B11C}.Debug|Any CPU.ActiveCfg = Debug|Any CPU
		{417B205A-58C4-4CAB-9CEA-C4266D38B11C}.Debug|Any CPU.Build.0 = Debug|Any CPU
		{417B205A-58C4-4CAB-9CEA-C4266D38B11C}.Release|Any CPU.ActiveCfg = Release|Any CPU
		{417B205A-58C4-4CAB-9CEA-C4266D38B11C}.Release|Any CPU.Build.0 = Release|Any CPU
		{7C8B7F8D-A981-4F97-B66B-6966B60CA518}.Debug|Any CPU.ActiveCfg = Debug|Any CPU
		{7C8B7F8D-A981-4F97-B66B-6966B60CA518}.Debug|Any CPU.Build.0 = Debug|Any CPU
		{7C8B7F8D-A981-4F97-B66B-6966B60CA518}.Release|Any CPU.ActiveCfg = Release|Any CPU
		{7C8B7F8D-A981-4F97-B66B-6966B60CA518}.Release|Any CPU.Build.0 = Release|Any CPU
	EndGlobalSection
	GlobalSection(SolutionProperties) = preSolution
		HideSolutionNode = FALSE
	EndGlobalSection
	GlobalSection(ExtensibilityGlobals) = postSolution
		SolutionGuid = {FCB30F54-ED1B-4D8C-BD75-CE00C4002E69}
	EndGlobalSection
EndGlobal
